PODS:
  - SDWebImage (5.10.4):
    - SDWebImage/Core (= 5.10.4)
  - SDWebImage/Core (5.10.4)

DEPENDENCIES:
  - SDWebImage

SPEC REPOS:
  https://github.com/CocoaPods/Specs.git:
    - SDWebImage

SPEC CHECKSUMS:
  SDWebImage: c666b97e1fa9c64b4909816a903322018f0a9c84

PODFILE CHECKSUM: d7524156ce382f9f17a046dc0cf36922b9567c94

COCOAPODS: 1.9.3
