// !$*UTF8*$!
{
	archiveVersion = 1;
	classes = {
	};
	objectVersion = 50;
	objects = {

/* Begin PBXBuildFile section */
		29CE7B7E2616BC880032515E /* AppDelegate.m in Sources */ = {isa = PBXBuildFile; fileRef = 29CE7B7D2616BC880032515E /* AppDelegate.m */; };
		29CE7B812616BC880032515E /* SceneDelegate.m in Sources */ = {isa = PBXBuildFile; fileRef = 29CE7B802616BC880032515E /* SceneDelegate.m */; };
		29CE7B842616BC880032515E /* ViewController.m in Sources */ = {isa = PBXBuildFile; fileRef = 29CE7B832616BC880032515E /* ViewController.m */; };
		29CE7B872616BC880032515E /* Main.storyboard in Resources */ = {isa = PBXBuildFile; fileRef = 29CE7B852616BC880032515E /* Main.storyboard */; };
		29CE7B892616BC890032515E /* Assets.xcassets in Resources */ = {isa = PBXBuildFile; fileRef = 29CE7B882616BC890032515E /* Assets.xcassets */; };
		29CE7B8C2616BC890032515E /* LaunchScreen.storyboard in Resources */ = {isa = PBXBuildFile; fileRef = 29CE7B8A2616BC890032515E /* LaunchScreen.storyboard */; };
		29CE7B8F2616BC890032515E /* main.m in Sources */ = {isa = PBXBuildFile; fileRef = 29CE7B8E2616BC890032515E /* main.m */; };
		29CE7B992616BC8A0032515E /* PhototESTTests.m in Sources */ = {isa = PBXBuildFile; fileRef = 29CE7B982616BC8A0032515E /* PhototESTTests.m */; };
		29CE7BA42616BC8A0032515E /* PhototESTUITests.m in Sources */ = {isa = PBXBuildFile; fileRef = 29CE7BA32616BC8A0032515E /* PhototESTUITests.m */; };
		29CE7BB62616BF8B0032515E /* TZPhotoPreviewCell.m in Sources */ = {isa = PBXBuildFile; fileRef = 29CE7BB52616BF8B0032515E /* TZPhotoPreviewCell.m */; };
		29CE7BBC2616C1950032515E /* UIView+Layout.m in Sources */ = {isa = PBXBuildFile; fileRef = 29CE7BBA2616C1950032515E /* UIView+Layout.m */; };
		29CE7BC22616C24C0032515E /* TZAssetModel.m in Sources */ = {isa = PBXBuildFile; fileRef = 29CE7BC12616C24C0032515E /* TZAssetModel.m */; };
		29CE7BC72616C5090032515E /* navi_back@2x.png in Resources */ = {isa = PBXBuildFile; fileRef = 29CE7BC62616C5090032515E /* navi_back@2x.png */; };
		29CE7C032616E4B60032515E /* PhotoViewController.m in Sources */ = {isa = PBXBuildFile; fileRef = 29CE7C022616E4B60032515E /* PhotoViewController.m */; };
		29CE7C092616E6AE0032515E /* LFCollectionViewFlowTrandformLayout.m in Sources */ = {isa = PBXBuildFile; fileRef = 29CE7C082616E6AE0032515E /* LFCollectionViewFlowTrandformLayout.m */; };
		29CE7C102616E7160032515E /* IndexCollectionCell.xib in Resources */ = {isa = PBXBuildFile; fileRef = 29CE7C0E2616E7160032515E /* IndexCollectionCell.xib */; };
		29CE7C112616E7160032515E /* IndexCollectionCell.m in Sources */ = {isa = PBXBuildFile; fileRef = 29CE7C0F2616E7160032515E /* IndexCollectionCell.m */; };
		D42D51D79B7B3EC13ACF79F4 /* libPods-PhototEST.a in Frameworks */ = {isa = PBXBuildFile; fileRef = 816B45D18D090FFE66B9A5B5 /* libPods-PhototEST.a */; };
/* End PBXBuildFile section */

/* Begin PBXContainerItemProxy section */
		29CE7B952616BC8A0032515E /* PBXContainerItemProxy */ = {
			isa = PBXContainerItemProxy;
			containerPortal = 29CE7B712616BC880032515E /* Project object */;
			proxyType = 1;
			remoteGlobalIDString = 29CE7B782616BC880032515E;
			remoteInfo = PhototEST;
		};
		29CE7BA02616BC8A0032515E /* PBXContainerItemProxy */ = {
			isa = PBXContainerItemProxy;
			containerPortal = 29CE7B712616BC880032515E /* Project object */;
			proxyType = 1;
			remoteGlobalIDString = 29CE7B782616BC880032515E;
			remoteInfo = PhototEST;
		};
/* End PBXContainerItemProxy section */

/* Begin PBXFileReference section */
		29CE7B792616BC880032515E /* PhototEST.app */ = {isa = PBXFileReference; explicitFileType = wrapper.application; includeInIndex = 0; path = PhototEST.app; sourceTree = BUILT_PRODUCTS_DIR; };
		29CE7B7C2616BC880032515E /* AppDelegate.h */ = {isa = PBXFileReference; lastKnownFileType = sourcecode.c.h; path = AppDelegate.h; sourceTree = "<group>"; };
		29CE7B7D2616BC880032515E /* AppDelegate.m */ = {isa = PBXFileReference; lastKnownFileType = sourcecode.c.objc; path = AppDelegate.m; sourceTree = "<group>"; };
		29CE7B7F2616BC880032515E /* SceneDelegate.h */ = {isa = PBXFileReference; lastKnownFileType = sourcecode.c.h; path = SceneDelegate.h; sourceTree = "<group>"; };
		29CE7B802616BC880032515E /* SceneDelegate.m */ = {isa = PBXFileReference; lastKnownFileType = sourcecode.c.objc; path = SceneDelegate.m; sourceTree = "<group>"; };
		29CE7B822616BC880032515E /* ViewController.h */ = {isa = PBXFileReference; lastKnownFileType = sourcecode.c.h; path = ViewController.h; sourceTree = "<group>"; };
		29CE7B832616BC880032515E /* ViewController.m */ = {isa = PBXFileReference; lastKnownFileType = sourcecode.c.objc; path = ViewController.m; sourceTree = "<group>"; };
		29CE7B862616BC880032515E /* Base */ = {isa = PBXFileReference; lastKnownFileType = file.storyboard; name = Base; path = Base.lproj/Main.storyboard; sourceTree = "<group>"; };
		29CE7B882616BC890032515E /* Assets.xcassets */ = {isa = PBXFileReference; lastKnownFileType = folder.assetcatalog; path = Assets.xcassets; sourceTree = "<group>"; };
		29CE7B8B2616BC890032515E /* Base */ = {isa = PBXFileReference; lastKnownFileType = file.storyboard; name = Base; path = Base.lproj/LaunchScreen.storyboard; sourceTree = "<group>"; };
		29CE7B8D2616BC890032515E /* Info.plist */ = {isa = PBXFileReference; lastKnownFileType = text.plist.xml; path = Info.plist; sourceTree = "<group>"; };
		29CE7B8E2616BC890032515E /* main.m */ = {isa = PBXFileReference; lastKnownFileType = sourcecode.c.objc; path = main.m; sourceTree = "<group>"; };
		29CE7B942616BC8A0032515E /* PhototESTTests.xctest */ = {isa = PBXFileReference; explicitFileType = wrapper.cfbundle; includeInIndex = 0; path = PhototESTTests.xctest; sourceTree = BUILT_PRODUCTS_DIR; };
		29CE7B982616BC8A0032515E /* PhototESTTests.m */ = {isa = PBXFileReference; lastKnownFileType = sourcecode.c.objc; path = PhototESTTests.m; sourceTree = "<group>"; };
		29CE7B9A2616BC8A0032515E /* Info.plist */ = {isa = PBXFileReference; lastKnownFileType = text.plist.xml; path = Info.plist; sourceTree = "<group>"; };
		29CE7B9F2616BC8A0032515E /* PhototESTUITests.xctest */ = {isa = PBXFileReference; explicitFileType = wrapper.cfbundle; includeInIndex = 0; path = PhototESTUITests.xctest; sourceTree = BUILT_PRODUCTS_DIR; };
		29CE7BA32616BC8A0032515E /* PhototESTUITests.m */ = {isa = PBXFileReference; lastKnownFileType = sourcecode.c.objc; path = PhototESTUITests.m; sourceTree = "<group>"; };
		29CE7BA52616BC8A0032515E /* Info.plist */ = {isa = PBXFileReference; lastKnownFileType = text.plist.xml; path = Info.plist; sourceTree = "<group>"; };
		29CE7BB42616BF8B0032515E /* TZPhotoPreviewCell.h */ = {isa = PBXFileReference; lastKnownFileType = sourcecode.c.h; path = TZPhotoPreviewCell.h; sourceTree = "<group>"; };
		29CE7BB52616BF8B0032515E /* TZPhotoPreviewCell.m */ = {isa = PBXFileReference; lastKnownFileType = sourcecode.c.objc; path = TZPhotoPreviewCell.m; sourceTree = "<group>"; };
		29CE7BBA2616C1950032515E /* UIView+Layout.m */ = {isa = PBXFileReference; fileEncoding = 4; lastKnownFileType = sourcecode.c.objc; path = "UIView+Layout.m"; sourceTree = "<group>"; };
		29CE7BBB2616C1950032515E /* UIView+Layout.h */ = {isa = PBXFileReference; fileEncoding = 4; lastKnownFileType = sourcecode.c.h; path = "UIView+Layout.h"; sourceTree = "<group>"; };
		29CE7BC02616C24C0032515E /* TZAssetModel.h */ = {isa = PBXFileReference; lastKnownFileType = sourcecode.c.h; path = TZAssetModel.h; sourceTree = "<group>"; };
		29CE7BC12616C24C0032515E /* TZAssetModel.m */ = {isa = PBXFileReference; lastKnownFileType = sourcecode.c.objc; path = TZAssetModel.m; sourceTree = "<group>"; };
		29CE7BC62616C5090032515E /* navi_back@2x.png */ = {isa = PBXFileReference; lastKnownFileType = image.png; path = "navi_back@2x.png"; sourceTree = "<group>"; };
		29CE7C012616E4B60032515E /* PhotoViewController.h */ = {isa = PBXFileReference; lastKnownFileType = sourcecode.c.h; path = PhotoViewController.h; sourceTree = "<group>"; };
		29CE7C022616E4B60032515E /* PhotoViewController.m */ = {isa = PBXFileReference; lastKnownFileType = sourcecode.c.objc; path = PhotoViewController.m; sourceTree = "<group>"; };
		29CE7C072616E6AE0032515E /* LFCollectionViewFlowTrandformLayout.h */ = {isa = PBXFileReference; lastKnownFileType = sourcecode.c.h; path = LFCollectionViewFlowTrandformLayout.h; sourceTree = "<group>"; };
		29CE7C082616E6AE0032515E /* LFCollectionViewFlowTrandformLayout.m */ = {isa = PBXFileReference; lastKnownFileType = sourcecode.c.objc; path = LFCollectionViewFlowTrandformLayout.m; sourceTree = "<group>"; };
		29CE7C0D2616E7160032515E /* IndexCollectionCell.h */ = {isa = PBXFileReference; fileEncoding = 4; lastKnownFileType = sourcecode.c.h; path = IndexCollectionCell.h; sourceTree = "<group>"; };
		29CE7C0E2616E7160032515E /* IndexCollectionCell.xib */ = {isa = PBXFileReference; fileEncoding = 4; lastKnownFileType = file.xib; path = IndexCollectionCell.xib; sourceTree = "<group>"; };
		29CE7C0F2616E7160032515E /* IndexCollectionCell.m */ = {isa = PBXFileReference; fileEncoding = 4; lastKnownFileType = sourcecode.c.objc; path = IndexCollectionCell.m; sourceTree = "<group>"; };
		66ED9FD1499974267830A3E4 /* Pods-PhototEST.release.xcconfig */ = {isa = PBXFileReference; includeInIndex = 1; lastKnownFileType = text.xcconfig; name = "Pods-PhototEST.release.xcconfig"; path = "Target Support Files/Pods-PhototEST/Pods-PhototEST.release.xcconfig"; sourceTree = "<group>"; };
		816B45D18D090FFE66B9A5B5 /* libPods-PhototEST.a */ = {isa = PBXFileReference; explicitFileType = archive.ar; includeInIndex = 0; path = "libPods-PhototEST.a"; sourceTree = BUILT_PRODUCTS_DIR; };
		87E42431BC813AF24B0F60CD /* Pods-PhototEST.debug.xcconfig */ = {isa = PBXFileReference; includeInIndex = 1; lastKnownFileType = text.xcconfig; name = "Pods-PhototEST.debug.xcconfig"; path = "Target Support Files/Pods-PhototEST/Pods-PhototEST.debug.xcconfig"; sourceTree = "<group>"; };
/* End PBXFileReference section */

/* Begin PBXFrameworksBuildPhase section */
		29CE7B762616BC880032515E /* Frameworks */ = {
			isa = PBXFrameworksBuildPhase;
			buildActionMask = 2147483647;
			files = (
				D42D51D79B7B3EC13ACF79F4 /* libPods-PhototEST.a in Frameworks */,
			);
			runOnlyForDeploymentPostprocessing = 0;
		};
		29CE7B912616BC8A0032515E /* Frameworks */ = {
			isa = PBXFrameworksBuildPhase;
			buildActionMask = 2147483647;
			files = (
			);
			runOnlyForDeploymentPostprocessing = 0;
		};
		29CE7B9C2616BC8A0032515E /* Frameworks */ = {
			isa = PBXFrameworksBuildPhase;
			buildActionMask = 2147483647;
			files = (
			);
			runOnlyForDeploymentPostprocessing = 0;
		};
/* End PBXFrameworksBuildPhase section */

/* Begin PBXGroup section */
		1305544CAFF8D0D009D177F7 /* Frameworks */ = {
			isa = PBXGroup;
			children = (
				816B45D18D090FFE66B9A5B5 /* libPods-PhototEST.a */,
			);
			name = Frameworks;
			sourceTree = "<group>";
		};
		29CE7B702616BC880032515E = {
			isa = PBXGroup;
			children = (
				29CE7B7B2616BC880032515E /* PhototEST */,
				29CE7B972616BC8A0032515E /* PhototESTTests */,
				29CE7BA22616BC8A0032515E /* PhototESTUITests */,
				29CE7B7A2616BC880032515E /* Products */,
				62EB2411A579AACD52A23B7E /* Pods */,
				1305544CAFF8D0D009D177F7 /* Frameworks */,
			);
			sourceTree = "<group>";
		};
		29CE7B7A2616BC880032515E /* Products */ = {
			isa = PBXGroup;
			children = (
				29CE7B792616BC880032515E /* PhototEST.app */,
				29CE7B942616BC8A0032515E /* PhototESTTests.xctest */,
				29CE7B9F2616BC8A0032515E /* PhototESTUITests.xctest */,
			);
			name = Products;
			sourceTree = "<group>";
		};
		29CE7B7B2616BC880032515E /* PhototEST */ = {
			isa = PBXGroup;
			children = (
				29CE7C0D2616E7160032515E /* IndexCollectionCell.h */,
				29CE7C0F2616E7160032515E /* IndexCollectionCell.m */,
				29CE7C0E2616E7160032515E /* IndexCollectionCell.xib */,
				29CE7BCB2616C92D0032515E /* vender */,
				29CE7BBB2616C1950032515E /* UIView+Layout.h */,
				29CE7BBA2616C1950032515E /* UIView+Layout.m */,
				29CE7B7C2616BC880032515E /* AppDelegate.h */,
				29CE7B7D2616BC880032515E /* AppDelegate.m */,
				29CE7B7F2616BC880032515E /* SceneDelegate.h */,
				29CE7B802616BC880032515E /* SceneDelegate.m */,
				29CE7B822616BC880032515E /* ViewController.h */,
				29CE7B832616BC880032515E /* ViewController.m */,
				29CE7BC62616C5090032515E /* navi_back@2x.png */,
				29CE7B852616BC880032515E /* Main.storyboard */,
				29CE7B882616BC890032515E /* Assets.xcassets */,
				29CE7B8A2616BC890032515E /* LaunchScreen.storyboard */,
				29CE7B8D2616BC890032515E /* Info.plist */,
				29CE7B8E2616BC890032515E /* main.m */,
				29CE7BB42616BF8B0032515E /* TZPhotoPreviewCell.h */,
				29CE7BB52616BF8B0032515E /* TZPhotoPreviewCell.m */,
				29CE7BC02616C24C0032515E /* TZAssetModel.h */,
				29CE7BC12616C24C0032515E /* TZAssetModel.m */,
				29CE7C012616E4B60032515E /* PhotoViewController.h */,
				29CE7C022616E4B60032515E /* PhotoViewController.m */,
				29CE7C072616E6AE0032515E /* LFCollectionViewFlowTrandformLayout.h */,
				29CE7C082616E6AE0032515E /* LFCollectionViewFlowTrandformLayout.m */,
			);
			path = PhototEST;
			sourceTree = "<group>";
		};
		29CE7B972616BC8A0032515E /* PhototESTTests */ = {
			isa = PBXGroup;
			children = (
				29CE7B982616BC8A0032515E /* PhototESTTests.m */,
				29CE7B9A2616BC8A0032515E /* Info.plist */,
			);
			path = PhototESTTests;
			sourceTree = "<group>";
		};
		29CE7BA22616BC8A0032515E /* PhototESTUITests */ = {
			isa = PBXGroup;
			children = (
				29CE7BA32616BC8A0032515E /* PhototESTUITests.m */,
				29CE7BA52616BC8A0032515E /* Info.plist */,
			);
			path = PhototESTUITests;
			sourceTree = "<group>";
		};
		29CE7BCB2616C92D0032515E /* vender */ = {
			isa = PBXGroup;
			children = (
			);
			path = vender;
			sourceTree = "<group>";
		};
		62EB2411A579AACD52A23B7E /* Pods */ = {
			isa = PBXGroup;
			children = (
				87E42431BC813AF24B0F60CD /* Pods-PhototEST.debug.xcconfig */,
				66ED9FD1499974267830A3E4 /* Pods-PhototEST.release.xcconfig */,
			);
			path = Pods;
			sourceTree = "<group>";
		};
/* End PBXGroup section */

/* Begin PBXNativeTarget section */
		29CE7B782616BC880032515E /* PhototEST */ = {
			isa = PBXNativeTarget;
			buildConfigurationList = 29CE7BA82616BC8A0032515E /* Build configuration list for PBXNativeTarget "PhototEST" */;
			buildPhases = (
				C4A3449DE619D742FC70AA39 /* [CP] Check Pods Manifest.lock */,
				29CE7B752616BC880032515E /* Sources */,
				29CE7B762616BC880032515E /* Frameworks */,
				29CE7B772616BC880032515E /* Resources */,
			);
			buildRules = (
			);
			dependencies = (
			);
			name = PhototEST;
			productName = PhototEST;
			productReference = 29CE7B792616BC880032515E /* PhototEST.app */;
			productType = "com.apple.product-type.application";
		};
		29CE7B932616BC8A0032515E /* PhototESTTests */ = {
			isa = PBXNativeTarget;
			buildConfigurationList = 29CE7BAB2616BC8A0032515E /* Build configuration list for PBXNativeTarget "PhototESTTests" */;
			buildPhases = (
				29CE7B902616BC8A0032515E /* Sources */,
				29CE7B912616BC8A0032515E /* Frameworks */,
				29CE7B922616BC8A0032515E /* Resources */,
			);
			buildRules = (
			);
			dependencies = (
				29CE7B962616BC8A0032515E /* PBXTargetDependency */,
			);
			name = PhototESTTests;
			productName = PhototESTTests;
			productReference = 29CE7B942616BC8A0032515E /* PhototESTTests.xctest */;
			productType = "com.apple.product-type.bundle.unit-test";
		};
		29CE7B9E2616BC8A0032515E /* PhototESTUITests */ = {
			isa = PBXNativeTarget;
			buildConfigurationList = 29CE7BAE2616BC8A0032515E /* Build configuration list for PBXNativeTarget "PhototESTUITests" */;
			buildPhases = (
				29CE7B9B2616BC8A0032515E /* Sources */,
				29CE7B9C2616BC8A0032515E /* Frameworks */,
				29CE7B9D2616BC8A0032515E /* Resources */,
			);
			buildRules = (
			);
			dependencies = (
				29CE7BA12616BC8A0032515E /* PBXTargetDependency */,
			);
			name = PhototESTUITests;
			productName = PhototESTUITests;
			productReference = 29CE7B9F2616BC8A0032515E /* PhototESTUITests.xctest */;
			productType = "com.apple.product-type.bundle.ui-testing";
		};
/* End PBXNativeTarget section */

/* Begin PBXProject section */
		29CE7B712616BC880032515E /* Project object */ = {
			isa = PBXProject;
			attributes = {
				LastUpgradeCheck = 1240;
				TargetAttributes = {
					29CE7B782616BC880032515E = {
						CreatedOnToolsVersion = 12.4;
					};
					29CE7B932616BC8A0032515E = {
						CreatedOnToolsVersion = 12.4;
						TestTargetID = 29CE7B782616BC880032515E;
					};
					29CE7B9E2616BC8A0032515E = {
						CreatedOnToolsVersion = 12.4;
						TestTargetID = 29CE7B782616BC880032515E;
					};
				};
			};
			buildConfigurationList = 29CE7B742616BC880032515E /* Build configuration list for PBXProject "PhototEST" */;
			compatibilityVersion = "Xcode 9.3";
			developmentRegion = en;
			hasScannedForEncodings = 0;
			knownRegions = (
				en,
				Base,
			);
			mainGroup = 29CE7B702616BC880032515E;
			productRefGroup = 29CE7B7A2616BC880032515E /* Products */;
			projectDirPath = "";
			projectRoot = "";
			targets = (
				29CE7B782616BC880032515E /* PhototEST */,
				29CE7B932616BC8A0032515E /* PhototESTTests */,
				29CE7B9E2616BC8A0032515E /* PhototESTUITests */,
			);
		};
/* End PBXProject section */

/* Begin PBXResourcesBuildPhase section */
		29CE7B772616BC880032515E /* Resources */ = {
			isa = PBXResourcesBuildPhase;
			buildActionMask = 2147483647;
			files = (
				29CE7C102616E7160032515E /* IndexCollectionCell.xib in Resources */,
				29CE7B8C2616BC890032515E /* LaunchScreen.storyboard in Resources */,
				29CE7B892616BC890032515E /* Assets.xcassets in Resources */,
				29CE7B872616BC880032515E /* Main.storyboard in Resources */,
				29CE7BC72616C5090032515E /* navi_back@2x.png in Resources */,
			);
			runOnlyForDeploymentPostprocessing = 0;
		};
		29CE7B922616BC8A0032515E /* Resources */ = {
			isa = PBXResourcesBuildPhase;
			buildActionMask = 2147483647;
			files = (
			);
			runOnlyForDeploymentPostprocessing = 0;
		};
		29CE7B9D2616BC8A0032515E /* Resources */ = {
			isa = PBXResourcesBuildPhase;
			buildActionMask = 2147483647;
			files = (
			);
			runOnlyForDeploymentPostprocessing = 0;
		};
/* End PBXResourcesBuildPhase section */

/* Begin PBXShellScriptBuildPhase section */
		C4A3449DE619D742FC70AA39 /* [CP] Check Pods Manifest.lock */ = {
			isa = PBXShellScriptBuildPhase;
			buildActionMask = 2147483647;
			files = (
			);
			inputFileListPaths = (
			);
			inputPaths = (
				"${PODS_PODFILE_DIR_PATH}/Podfile.lock",
				"${PODS_ROOT}/Manifest.lock",
			);
			name = "[CP] Check Pods Manifest.lock";
			outputFileListPaths = (
			);
			outputPaths = (
				"$(DERIVED_FILE_DIR)/Pods-PhototEST-checkManifestLockResult.txt",
			);
			runOnlyForDeploymentPostprocessing = 0;
			shellPath = /bin/sh;
			shellScript = "diff \"${PODS_PODFILE_DIR_PATH}/Podfile.lock\" \"${PODS_ROOT}/Manifest.lock\" > /dev/null\nif [ $? != 0 ] ; then\n    # print error to STDERR\n    echo \"error: The sandbox is not in sync with the Podfile.lock. Run 'pod install' or update your CocoaPods installation.\" >&2\n    exit 1\nfi\n# This output is used by Xcode 'outputs' to avoid re-running this script phase.\necho \"SUCCESS\" > \"${SCRIPT_OUTPUT_FILE_0}\"\n";
			showEnvVarsInLog = 0;
		};
/* End PBXShellScriptBuildPhase section */

/* Begin PBXSourcesBuildPhase section */
		29CE7B752616BC880032515E /* Sources */ = {
			isa = PBXSourcesBuildPhase;
			buildActionMask = 2147483647;
			files = (
				29CE7B842616BC880032515E /* ViewController.m in Sources */,
				29CE7B7E2616BC880032515E /* AppDelegate.m in Sources */,
				29CE7C032616E4B60032515E /* PhotoViewController.m in Sources */,
				29CE7C112616E7160032515E /* IndexCollectionCell.m in Sources */,
				29CE7BBC2616C1950032515E /* UIView+Layout.m in Sources */,
				29CE7C092616E6AE0032515E /* LFCollectionViewFlowTrandformLayout.m in Sources */,
				29CE7BC22616C24C0032515E /* TZAssetModel.m in Sources */,
				29CE7B8F2616BC890032515E /* main.m in Sources */,
				29CE7BB62616BF8B0032515E /* TZPhotoPreviewCell.m in Sources */,
				29CE7B812616BC880032515E /* SceneDelegate.m in Sources */,
			);
			runOnlyForDeploymentPostprocessing = 0;
		};
		29CE7B902616BC8A0032515E /* Sources */ = {
			isa = PBXSourcesBuildPhase;
			buildActionMask = 2147483647;
			files = (
				29CE7B992616BC8A0032515E /* PhototESTTests.m in Sources */,
			);
			runOnlyForDeploymentPostprocessing = 0;
		};
		29CE7B9B2616BC8A0032515E /* Sources */ = {
			isa = PBXSourcesBuildPhase;
			buildActionMask = 2147483647;
			files = (
				29CE7BA42616BC8A0032515E /* PhototESTUITests.m in Sources */,
			);
			runOnlyForDeploymentPostprocessing = 0;
		};
/* End PBXSourcesBuildPhase section */

/* Begin PBXTargetDependency section */
		29CE7B962616BC8A0032515E /* PBXTargetDependency */ = {
			isa = PBXTargetDependency;
			target = 29CE7B782616BC880032515E /* PhototEST */;
			targetProxy = 29CE7B952616BC8A0032515E /* PBXContainerItemProxy */;
		};
		29CE7BA12616BC8A0032515E /* PBXTargetDependency */ = {
			isa = PBXTargetDependency;
			target = 29CE7B782616BC880032515E /* PhototEST */;
			targetProxy = 29CE7BA02616BC8A0032515E /* PBXContainerItemProxy */;
		};
/* End PBXTargetDependency section */

/* Begin PBXVariantGroup section */
		29CE7B852616BC880032515E /* Main.storyboard */ = {
			isa = PBXVariantGroup;
			children = (
				29CE7B862616BC880032515E /* Base */,
			);
			name = Main.storyboard;
			sourceTree = "<group>";
		};
		29CE7B8A2616BC890032515E /* LaunchScreen.storyboard */ = {
			isa = PBXVariantGroup;
			children = (
				29CE7B8B2616BC890032515E /* Base */,
			);
			name = LaunchScreen.storyboard;
			sourceTree = "<group>";
		};
/* End PBXVariantGroup section */

/* Begin XCBuildConfiguration section */
		29CE7BA62616BC8A0032515E /* Debug */ = {
			isa = XCBuildConfiguration;
			buildSettings = {
				ALWAYS_SEARCH_USER_PATHS = NO;
				CLANG_ANALYZER_NONNULL = YES;
				CLANG_ANALYZER_NUMBER_OBJECT_CONVERSION = YES_AGGRESSIVE;
				CLANG_CXX_LANGUAGE_STANDARD = "gnu++14";
				CLANG_CXX_LIBRARY = "libc++";
				CLANG_ENABLE_MODULES = YES;
				CLANG_ENABLE_OBJC_ARC = YES;
				CLANG_ENABLE_OBJC_WEAK = YES;
				CLANG_WARN_BLOCK_CAPTURE_AUTORELEASING = YES;
				CLANG_WARN_BOOL_CONVERSION = YES;
				CLANG_WARN_COMMA = YES;
				CLANG_WARN_CONSTANT_CONVERSION = YES;
				CLANG_WARN_DEPRECATED_OBJC_IMPLEMENTATIONS = YES;
				CLANG_WARN_DIRECT_OBJC_ISA_USAGE = YES_ERROR;
				CLANG_WARN_DOCUMENTATION_COMMENTS = YES;
				CLANG_WARN_EMPTY_BODY = YES;
				CLANG_WARN_ENUM_CONVERSION = YES;
				CLANG_WARN_INFINITE_RECURSION = YES;
				CLANG_WARN_INT_CONVERSION = YES;
				CLANG_WARN_NON_LITERAL_NULL_CONVERSION = YES;
				CLANG_WARN_OBJC_IMPLICIT_RETAIN_SELF = YES;
				CLANG_WARN_OBJC_LITERAL_CONVERSION = YES;
				CLANG_WARN_OBJC_ROOT_CLASS = YES_ERROR;
				CLANG_WARN_QUOTED_INCLUDE_IN_FRAMEWORK_HEADER = YES;
				CLANG_WARN_RANGE_LOOP_ANALYSIS = YES;
				CLANG_WARN_STRICT_PROTOTYPES = YES;
				CLANG_WARN_SUSPICIOUS_MOVE = YES;
				CLANG_WARN_UNGUARDED_AVAILABILITY = YES_AGGRESSIVE;
				CLANG_WARN_UNREACHABLE_CODE = YES;
				CLANG_WARN__DUPLICATE_METHOD_MATCH = YES;
				COPY_PHASE_STRIP = NO;
				DEBUG_INFORMATION_FORMAT = dwarf;
				ENABLE_STRICT_OBJC_MSGSEND = YES;
				ENABLE_TESTABILITY = YES;
				GCC_C_LANGUAGE_STANDARD = gnu11;
				GCC_DYNAMIC_NO_PIC = NO;
				GCC_NO_COMMON_BLOCKS = YES;
				GCC_OPTIMIZATION_LEVEL = 0;
				GCC_PREPROCESSOR_DEFINITIONS = (
					"DEBUG=1",
					"$(inherited)",
				);
				GCC_WARN_64_TO_32_BIT_CONVERSION = YES;
				GCC_WARN_ABOUT_RETURN_TYPE = YES_ERROR;
				GCC_WARN_UNDECLARED_SELECTOR = YES;
				GCC_WARN_UNINITIALIZED_AUTOS = YES_AGGRESSIVE;
				GCC_WARN_UNUSED_FUNCTION = YES;
				GCC_WARN_UNUSED_VARIABLE = YES;
				IPHONEOS_DEPLOYMENT_TARGET = 14.4;
				MTL_ENABLE_DEBUG_INFO = INCLUDE_SOURCE;
				MTL_FAST_MATH = YES;
				ONLY_ACTIVE_ARCH = YES;
				SDKROOT = iphoneos;
			};
			name = Debug;
		};
		29CE7BA72616BC8A0032515E /* Release */ = {
			isa = XCBuildConfiguration;
			buildSettings = {
				ALWAYS_SEARCH_USER_PATHS = NO;
				CLANG_ANALYZER_NONNULL = YES;
				CLANG_ANALYZER_NUMBER_OBJECT_CONVERSION = YES_AGGRESSIVE;
				CLANG_CXX_LANGUAGE_STANDARD = "gnu++14";
				CLANG_CXX_LIBRARY = "libc++";
				CLANG_ENABLE_MODULES = YES;
				CLANG_ENABLE_OBJC_ARC = YES;
				CLANG_ENABLE_OBJC_WEAK = YES;
				CLANG_WARN_BLOCK_CAPTURE_AUTORELEASING = YES;
				CLANG_WARN_BOOL_CONVERSION = YES;
				CLANG_WARN_COMMA = YES;
				CLANG_WARN_CONSTANT_CONVERSION = YES;
				CLANG_WARN_DEPRECATED_OBJC_IMPLEMENTATIONS = YES;
				CLANG_WARN_DIRECT_OBJC_ISA_USAGE = YES_ERROR;
				CLANG_WARN_DOCUMENTATION_COMMENTS = YES;
				CLANG_WARN_EMPTY_BODY = YES;
				CLANG_WARN_ENUM_CONVERSION = YES;
				CLANG_WARN_INFINITE_RECURSION = YES;
				CLANG_WARN_INT_CONVERSION = YES;
				CLANG_WARN_NON_LITERAL_NULL_CONVERSION = YES;
				CLANG_WARN_OBJC_IMPLICIT_RETAIN_SELF = YES;
				CLANG_WARN_OBJC_LITERAL_CONVERSION = YES;
				CLANG_WARN_OBJC_ROOT_CLASS = YES_ERROR;
				CLANG_WARN_QUOTED_INCLUDE_IN_FRAMEWORK_HEADER = YES;
				CLANG_WARN_RANGE_LOOP_ANALYSIS = YES;
				CLANG_WARN_STRICT_PROTOTYPES = YES;
				CLANG_WARN_SUSPICIOUS_MOVE = YES;
				CLANG_WARN_UNGUARDED_AVAILABILITY = YES_AGGRESSIVE;
				CLANG_WARN_UNREACHABLE_CODE = YES;
				CLANG_WARN__DUPLICATE_METHOD_MATCH = YES;
				COPY_PHASE_STRIP = NO;
				DEBUG_INFORMATION_FORMAT = "dwarf-with-dsym";
				ENABLE_NS_ASSERTIONS = NO;
				ENABLE_STRICT_OBJC_MSGSEND = YES;
				GCC_C_LANGUAGE_STANDARD = gnu11;
				GCC_NO_COMMON_BLOCKS = YES;
				GCC_WARN_64_TO_32_BIT_CONVERSION = YES;
				GCC_WARN_ABOUT_RETURN_TYPE = YES_ERROR;
				GCC_WARN_UNDECLARED_SELECTOR = YES;
				GCC_WARN_UNINITIALIZED_AUTOS = YES_AGGRESSIVE;
				GCC_WARN_UNUSED_FUNCTION = YES;
				GCC_WARN_UNUSED_VARIABLE = YES;
				IPHONEOS_DEPLOYMENT_TARGET = 14.4;
				MTL_ENABLE_DEBUG_INFO = NO;
				MTL_FAST_MATH = YES;
				SDKROOT = iphoneos;
				VALIDATE_PRODUCT = YES;
			};
			name = Release;
		};
		29CE7BA92616BC8A0032515E /* Debug */ = {
			isa = XCBuildConfiguration;
			baseConfigurationReference = 87E42431BC813AF24B0F60CD /* Pods-PhototEST.debug.xcconfig */;
			buildSettings = {
				ASSETCATALOG_COMPILER_APPICON_NAME = AppIcon;
				ASSETCATALOG_COMPILER_GLOBAL_ACCENT_COLOR_NAME = AccentColor;
				CODE_SIGN_STYLE = Automatic;
				DEVELOPMENT_TEAM = 6KFFL2G33N;
				INFOPLIST_FILE = PhototEST/Info.plist;
				IPHONEOS_DEPLOYMENT_TARGET = 10.2;
				LD_RUNPATH_SEARCH_PATHS = (
					"$(inherited)",
					"@executable_path/Frameworks",
				);
				PRODUCT_BUNDLE_IDENTIFIER = com.idiskk.idiskkplus;
				PRODUCT_NAME = "$(TARGET_NAME)";
				TARGETED_DEVICE_FAMILY = "1,2";
			};
			name = Debug;
		};
		29CE7BAA2616BC8A0032515E /* Release */ = {
			isa = XCBuildConfiguration;
			baseConfigurationReference = 66ED9FD1499974267830A3E4 /* Pods-PhototEST.release.xcconfig */;
			buildSettings = {
				ASSETCATALOG_COMPILER_APPICON_NAME = AppIcon;
				ASSETCATALOG_COMPILER_GLOBAL_ACCENT_COLOR_NAME = AccentColor;
				CODE_SIGN_STYLE = Automatic;
				DEVELOPMENT_TEAM = 6KFFL2G33N;
				INFOPLIST_FILE = PhototEST/Info.plist;
				IPHONEOS_DEPLOYMENT_TARGET = 10.2;
				LD_RUNPATH_SEARCH_PATHS = (
					"$(inherited)",
					"@executable_path/Frameworks",
				);
				PRODUCT_BUNDLE_IDENTIFIER = com.idiskk.idiskkplus;
				PRODUCT_NAME = "$(TARGET_NAME)";
				TARGETED_DEVICE_FAMILY = "1,2";
			};
			name = Release;
		};
		29CE7BAC2616BC8A0032515E /* Debug */ = {
			isa = XCBuildConfiguration;
			buildSettings = {
				BUNDLE_LOADER = "$(TEST_HOST)";
				CODE_SIGN_STYLE = Automatic;
				INFOPLIST_FILE = PhototESTTests/Info.plist;
				IPHONEOS_DEPLOYMENT_TARGET = 14.4;
				LD_RUNPATH_SEARCH_PATHS = (
					"$(inherited)",
					"@executable_path/Frameworks",
					"@loader_path/Frameworks",
				);
				PRODUCT_BUNDLE_IDENTIFIER = idiskk.com.test.PhototESTTests;
				PRODUCT_NAME = "$(TARGET_NAME)";
				TARGETED_DEVICE_FAMILY = "1,2";
				TEST_HOST = "$(BUILT_PRODUCTS_DIR)/PhototEST.app/PhototEST";
			};
			name = Debug;
		};
		29CE7BAD2616BC8A0032515E /* Release */ = {
			isa = XCBuildConfiguration;
			buildSettings = {
				BUNDLE_LOADER = "$(TEST_HOST)";
				CODE_SIGN_STYLE = Automatic;
				INFOPLIST_FILE = PhototESTTests/Info.plist;
				IPHONEOS_DEPLOYMENT_TARGET = 14.4;
				LD_RUNPATH_SEARCH_PATHS = (
					"$(inherited)",
					"@executable_path/Frameworks",
					"@loader_path/Frameworks",
				);
				PRODUCT_BUNDLE_IDENTIFIER = idiskk.com.test.PhototESTTests;
				PRODUCT_NAME = "$(TARGET_NAME)";
				TARGETED_DEVICE_FAMILY = "1,2";
				TEST_HOST = "$(BUILT_PRODUCTS_DIR)/PhototEST.app/PhototEST";
			};
			name = Release;
		};
		29CE7BAF2616BC8A0032515E /* Debug */ = {
			isa = XCBuildConfiguration;
			buildSettings = {
				CODE_SIGN_STYLE = Automatic;
				INFOPLIST_FILE = PhototESTUITests/Info.plist;
				LD_RUNPATH_SEARCH_PATHS = (
					"$(inherited)",
					"@executable_path/Frameworks",
					"@loader_path/Frameworks",
				);
				PRODUCT_BUNDLE_IDENTIFIER = idiskk.com.test.PhototESTUITests;
				PRODUCT_NAME = "$(TARGET_NAME)";
				TARGETED_DEVICE_FAMILY = "1,2";
				TEST_TARGET_NAME = PhototEST;
			};
			name = Debug;
		};
		29CE7BB02616BC8A0032515E /* Release */ = {
			isa = XCBuildConfiguration;
			buildSettings = {
				CODE_SIGN_STYLE = Automatic;
				INFOPLIST_FILE = PhototESTUITests/Info.plist;
				LD_RUNPATH_SEARCH_PATHS = (
					"$(inherited)",
					"@executable_path/Frameworks",
					"@loader_path/Frameworks",
				);
				PRODUCT_BUNDLE_IDENTIFIER = idiskk.com.test.PhototESTUITests;
				PRODUCT_NAME = "$(TARGET_NAME)";
				TARGETED_DEVICE_FAMILY = "1,2";
				TEST_TARGET_NAME = PhototEST;
			};
			name = Release;
		};
/* End XCBuildConfiguration section */

/* Begin XCConfigurationList section */
		29CE7B742616BC880032515E /* Build configuration list for PBXProject "PhototEST" */ = {
			isa = XCConfigurationList;
			buildConfigurations = (
				29CE7BA62616BC8A0032515E /* Debug */,
				29CE7BA72616BC8A0032515E /* Release */,
			);
			defaultConfigurationIsVisible = 0;
			defaultConfigurationName = Release;
		};
		29CE7BA82616BC8A0032515E /* Build configuration list for PBXNativeTarget "PhototEST" */ = {
			isa = XCConfigurationList;
			buildConfigurations = (
				29CE7BA92616BC8A0032515E /* Debug */,
				29CE7BAA2616BC8A0032515E /* Release */,
			);
			defaultConfigurationIsVisible = 0;
			defaultConfigurationName = Release;
		};
		29CE7BAB2616BC8A0032515E /* Build configuration list for PBXNativeTarget "PhototESTTests" */ = {
			isa = XCConfigurationList;
			buildConfigurations = (
				29CE7BAC2616BC8A0032515E /* Debug */,
				29CE7BAD2616BC8A0032515E /* Release */,
			);
			defaultConfigurationIsVisible = 0;
			defaultConfigurationName = Release;
		};
		29CE7BAE2616BC8A0032515E /* Build configuration list for PBXNativeTarget "PhototESTUITests" */ = {
			isa = XCConfigurationList;
			buildConfigurations = (
				29CE7BAF2616BC8A0032515E /* Debug */,
				29CE7BB02616BC8A0032515E /* Release */,
			);
			defaultConfigurationIsVisible = 0;
			defaultConfigurationName = Release;
		};
/* End XCConfigurationList section */
	};
	rootObject = 29CE7B712616BC880032515E /* Project object */;
}
